{
  "name": "test1",
  "version": "1.0.0",
  "lockfileVersion": 1,
  "requires": true,
  "dependencies": {
    "zone.js": {
      "version": "0.8.26",
      "resolved": "http://registry.npm.taobao.org/zone.js/download/zone.js-0.8.26.tgz",
      "integrity": "sha1-e91y92aMWnrWsRgUi06jnFnQjS0="
    }
  }
}
